// !$*UTF8*$!
{
	archiveVersion = 1;
	classes = {
	};
	objectVersion = 39;
	objects = {
		089C165CFE840E0CC02AAC07 = {
			children = (
				089C165DFE840E0CC02AAC07,
			);
			isa = PBXVariantGroup;
			name = InfoPlist.strings;
			refType = 4;
			sourceTree = "<group>";
		};
		089C165DFE840E0CC02AAC07 = {
			fileEncoding = 10;
			isa = PBXFileReference;
			lastKnownFileType = text.plist.strings;
			name = English;
			path = English.lproj/InfoPlist.strings;
			refType = 4;
			sourceTree = "<group>";
		};
		089C165EFE840E0CC02AAC07 = {
			fileRef = 089C165CFE840E0CC02AAC07;
			isa = PBXBuildFile;
			settings = {
			};
		};
//080
//081
//082
//083
//084
//100
//101
//102
//103
//104
		1058C7A0FEA54F0111CA2CBB = {
			children = (
				1058C7A1FEA54F0111CA2CBB,
				8E0A62C60397EE1700353532,
				8E0A62CA0397F19800353532,
			);
			isa = PBXGroup;
			name = "Linked Frameworks";
			refType = 4;
			sourceTree = "<group>";
		};
		1058C7A1FEA54F0111CA2CBB = {
			isa = PBXFileReference;
			lastKnownFileType = wrapper.framework;
			name = Cocoa.framework;
			path = /System/Library/Frameworks/Cocoa.framework;
			refType = 0;
			sourceTree = "<absolute>";
		};
		1058C7A3FEA54F0111CA2CBB = {
			fileRef = 1058C7A1FEA54F0111CA2CBB;
			isa = PBXBuildFile;
			settings = {
			};
		};
//100
//101
//102
//103
//104
//170
//171
//172
//173
//174
		17587328FF379C6511CA2CBB = {
			explicitFileType = wrapper.application;
			isa = PBXFileReference;
			path = minara.app;
			refType = 3;
			sourceTree = BUILT_PRODUCTS_DIR;
		};
//170
//171
//172
//173
//174
//190
//191
//192
//193
//194
		19C28FACFE9D520D11CA2CBB = {
			children = (
				17587328FF379C6511CA2CBB,
			);
			isa = PBXGroup;
			name = Products;
			refType = 4;
			sourceTree = "<group>";
		};
//190
//191
//192
//193
//194
//290
//291
//292
//293
//294
		29B97313FDCFA39411CA2CEA = {
			buildSettings = {
			};
			buildStyles = (
				4A9504CCFFE6A4B311CA0CBA,
				4A9504CDFFE6A4B311CA0CBA,
			);
			hasScannedForEncodings = 1;
			isa = PBXProject;
			mainGroup = 29B97314FDCFA39411CA2CEA;
			projectDirPath = "";
			targets = (
				29B97326FDCFA39411CA2CEA,
			);
		};
		29B97314FDCFA39411CA2CEA = {
			children = (
				8F55AE530901911500028490,
				8F70B56905A85E3300740B98,
				29B97317FDCFA39411CA2CEA,
				29B97323FDCFA39411CA2CEA,
				8F7B9C5905A71A190097257C,
				19C28FACFE9D520D11CA2CBB,
				8E0690E604A24F6300105D83,
			);
			isa = PBXGroup;
			name = GLUTStereoTest;
			path = "";
			refType = 4;
			sourceTree = "<group>";
		};
		29B97317FDCFA39411CA2CEA = {
			children = (
				8F55AEAC090192A900028490,
				089C165CFE840E0CC02AAC07,
			);
			isa = PBXGroup;
			name = Resources;
			path = "";
			refType = 4;
			sourceTree = "<group>";
		};
		29B97323FDCFA39411CA2CEA = {
			children = (
				1058C7A0FEA54F0111CA2CBB,
			);
			isa = PBXGroup;
			name = Frameworks;
			path = "";
			refType = 4;
			sourceTree = "<group>";
		};
		29B97326FDCFA39411CA2CEA = {
			buildPhases = (
				29B97327FDCFA39411CA2CEA,
				29B97328FDCFA39411CA2CEA,
				29B9732BFDCFA39411CA2CEA,
				29B9732DFDCFA39411CA2CEA,
				8F2F52A20927B9BF00255460,
				8F55AEAE0901933D00028490,
			);
			buildSettings = {
				FRAMEWORK_SEARCH_PATHS = "";
				HEADER_SEARCH_PATHS = "/sw/include /sw/include/libart-2.0";
				INSTALL_PATH = "$(HOME)/Applications";
				LIBRARY_SEARCH_PATHS = /sw/lib;
				OPTIMIZATION_CFLAGS = "-O0";
				OTHER_LDFLAGS = "";
				PRODUCT_NAME = minara;
				SECTORDER_FLAGS = "";
				USE_GCC3_PFE_SUPPORT = NO;
				WARNING_CFLAGS = "-Wmost -Wno-four-char-constants -Wno-unknown-pragmas";
				WRAPPER_EXTENSION = app;
			};
			dependencies = (
			);
			isa = PBXApplicationTarget;
			name = minara;
			productInstallPath = "$(HOME)/Applications";
			productName = GLUTStereoTest;
			productReference = 17587328FF379C6511CA2CBB;
			productSettingsXML = "<?xml version=\"1.0\" encoding=\"UTF-8\"?>
<!DOCTYPE plist PUBLIC \"-//Apple Computer//DTD PLIST 1.0//EN\" \"http://www.apple.com/DTDs/PropertyList-1.0.dtd\">
<plist version=\"1.0\">
<dict>
	<key>CFBundleDevelopmentRegion</key>
	<string>English</string>
	<key>CFBundleExecutable</key>
	<string>minara</string>
	<key>CFBundleIconFile</key>
	<string></string>
	<key>CFBundleInfoDictionaryVersion</key>
	<string>6.0</string>
	<key>CFBundlePackageType</key>
	<string>APPL</string>
	<key>CFBundleSignature</key>
	<string>????</string>
	<key>CFBundleVersion</key>
	<string>1.0</string>
</dict>
</plist>
";
		};
		29B97327FDCFA39411CA2CEA = {
			buildActionMask = 2147483647;
			files = (
				8F7B9CC205A71AD20097257C,
				8F7B9CC305A71AD20097257C,
				8F7B9CC405A71AD20097257C,
				8F7B9CC505A71AD20097257C,
				8F7B9CC605A71AD20097257C,
				8F7B9CC705A71AD20097257C,
				8F7B9CC805A71AD20097257C,
				8F7B9CC905A71AD20097257C,
				8F7B9CCA05A71AD20097257C,
				8F7B9CCB05A71AD20097257C,
				8F7B9CCC05A71AD20097257C,
				8F7B9CCD05A71AD20097257C,
				8F7B9CCE05A71AD20097257C,
				8F7B9CCF05A71AD20097257C,
				8F7B9CD005A71AD20097257C,
				8F7B9CD105A71AD20097257C,
				8F7B9CD205A71AD20097257C,
				8F7B9CD305A71AD20097257C,
				8F7B9CD405A71AD20097257C,
				8F7B9CD505A71AD20097257C,
				8F7B9CD605A71AD20097257C,
				8F7B9CD705A71AD20097257C,
				8F7B9CD805A71AD20097257C,
				8F7B9CD905A71AD20097257C,
				8F7B9CDA05A71AD20097257C,
				8F7B9CDB05A71AD20097257C,
				8F7B9CDC05A71AD20097257C,
				8F7B9CDD05A71AD20097257C,
				8F7B9CDE05A71AD20097257C,
				8F7B9CDF05A71AD20097257C,
				8F7B9CE005A71AD20097257C,
				8F7B9CE105A71AD20097257C,
				8F7B9CE205A71AD20097257C,
				8F7B9CE305A71AD20097257C,
				8F7B9CE405A71AD20097257C,
				8F7B9CE505A71AD20097257C,
				8F7B9CE605A71AD20097257C,
				8F7B9CE705A71AD20097257C,
				8F7B9CE805A71AD20097257C,
				8F7B9CE905A71AD20097257C,
				8F7B9CEA05A71AD20097257C,
				8F7B9CEB05A71AD20097257C,
				8F7B9CEC05A71AD20097257C,
				8F7B9CED05A71AD20097257C,
				8F7B9CEE05A71AD20097257C,
				8F7B9CEF05A71AD20097257C,
				8F7B9CF005A71AD20097257C,
				8F7B9CF105A71AD20097257C,
				8F7B9CF205A71AD20097257C,
				8F7B9CF305A71AD20097257C,
				8F7B9CF405A71AD20097257C,
				8F7B9CF505A71AD20097257C,
				8F7B9CF605A71AD20097257C,
				8F7B9CF705A71AD20097257C,
				8F7B9CF805A71AD20097257C,
				8F7B9CF905A71AD20097257C,
				8F7B9CFA05A71AD20097257C,
				8F7B9CFB05A71AD20097257C,
				8F7B9CFC05A71AD20097257C,
				8F7B9CFD05A71AD20097257C,
				8F7B9CFE05A71AD20097257C,
				8F7B9CFF05A71AD20097257C,
				8F7B9D0005A71AD20097257C,
				8F7B9D0105A71AD20097257C,
				8F7B9D0205A71AD20097257C,
				8F7B9D0305A71AD20097257C,
				8F7B9D0405A71AD20097257C,
				8F7B9D0505A71AD20097257C,
				8F7B9D0605A71AD20097257C,
				8F7B9D0705A71AD20097257C,
				8F7B9D0805A71AD20097257C,
				8F7B9D0905A71AD20097257C,
				8F7B9D0A05A71AD20097257C,
				8F7B9D0B05A71AD20097257C,
				8F7B9D0C05A71AD20097257C,
				8F7B9D0D05A71AD20097257C,
				8F7B9D0E05A71AD20097257C,
				8F7B9D0F05A71AD20097257C,
				8F7B9D1005A71AD20097257C,
				8F7B9D1105A71AD20097257C,
				8F7B9D1205A71AD20097257C,
				8F7B9D1305A71AD20097257C,
				8F7B9D1405A71AD20097257C,
				8F7B9D1505A71AD20097257C,
				8F7B9D1605A71AD20097257C,
				8F7B9D1705A71AD20097257C,
				8F7B9D1805A71AD20097257C,
				8F7B9D1905A71AD20097257C,
				8F7B9D1A05A71AD20097257C,
				8F7B9D1B05A71AD20097257C,
				8F7B9D1C05A71AD20097257C,
				8FB597BB05A8C5CB00E06CEA,
				8FB597BD05A8C5CB00E06CEA,
				8FB597BF05A8C5CB00E06CEA,
				8FB597C105A8C5CB00E06CEA,
				8FB597C305A8C5CB00E06CEA,
				8FB597C405A8C5CB00E06CEA,
				8FB6742D05C983C300A308F9,
				8F55ADEF0901750B00028490,
			);
			isa = PBXHeadersBuildPhase;
			runOnlyForDeploymentPostprocessing = 0;
		};
		29B97328FDCFA39411CA2CEA = {
			buildActionMask = 2147483647;
			files = (
				089C165EFE840E0CC02AAC07,
				8E0690E704A24F6300105D83,
				8F55AEAD090192A900028490,
				8F5284170922B9FB008384AA,
			);
			isa = PBXResourcesBuildPhase;
			runOnlyForDeploymentPostprocessing = 0;
		};
		29B9732BFDCFA39411CA2CEA = {
			buildActionMask = 2147483647;
			files = (
				8FB597BA05A8C5CB00E06CEA,
				8FB597BC05A8C5CB00E06CEA,
				8FB597BE05A8C5CB00E06CEA,
				8FB597C005A8C5CB00E06CEA,
				8FB597C205A8C5CB00E06CEA,
				8FB6742C05C983C300A308F9,
				8F55ADF00901750B00028490,
			);
			isa = PBXSourcesBuildPhase;
			runOnlyForDeploymentPostprocessing = 0;
		};
		29B9732DFDCFA39411CA2CEA = {
			buildActionMask = 2147483647;
			files = (
				1058C7A3FEA54F0111CA2CBB,
				8E0A62C70397EE1700353532,
				8E0A62CB0397F19800353532,
				8F9BF72905A9BFDD008435CB,
			);
			isa = PBXFrameworksBuildPhase;
			runOnlyForDeploymentPostprocessing = 0;
		};
//290
//291
//292
//293
//294
//4A0
//4A1
//4A2
//4A3
//4A4
		4A9504CCFFE6A4B311CA0CBA = {
			buildSettings = {
				COPY_PHASE_STRIP = NO;
				GCC_DYNAMIC_NO_PIC = NO;
				GCC_ENABLE_FIX_AND_CONTINUE = YES;
				GCC_GENERATE_DEBUGGING_SYMBOLS = YES;
				GCC_OPTIMIZATION_LEVEL = 0;
				OPTIMIZATION_CFLAGS = "-O0";
				ZERO_LINK = YES;
			};
			isa = PBXBuildStyle;
			name = Development;
		};
		4A9504CDFFE6A4B311CA0CBA = {
			buildSettings = {
				COPY_PHASE_STRIP = YES;
				GCC_ENABLE_FIX_AND_CONTINUE = NO;
				ZERO_LINK = NO;
			};
			isa = PBXBuildStyle;
			name = Deployment;
		};
//4A0
//4A1
//4A2
//4A3
//4A4
//8E0
//8E1
//8E2
//8E3
//8E4
		8E0690E604A24F6300105D83 = {
			fileEncoding = 30;
			isa = PBXFileReference;
			lastKnownFileType = text;
			path = "Read Me";
			refType = 4;
			sourceTree = "<group>";
		};
		8E0690E704A24F6300105D83 = {
			fileRef = 8E0690E604A24F6300105D83;
			isa = PBXBuildFile;
			settings = {
			};
		};
		8E0A62C60397EE1700353532 = {
			isa = PBXFileReference;
			lastKnownFileType = wrapper.framework;
			name = GLUT.framework;
			path = /System/Library/Frameworks/GLUT.framework;
			refType = 0;
			sourceTree = "<absolute>";
		};
		8E0A62C70397EE1700353532 = {
			fileRef = 8E0A62C60397EE1700353532;
			isa = PBXBuildFile;
			settings = {
			};
		};
		8E0A62CA0397F19800353532 = {
			isa = PBXFileReference;
			lastKnownFileType = wrapper.framework;
			name = OpenGL.framework;
			path = /System/Library/Frameworks/OpenGL.framework;
			refType = 0;
			sourceTree = "<absolute>";
		};
		8E0A62CB0397F19800353532 = {
			fileRef = 8E0A62CA0397F19800353532;
			isa = PBXBuildFile;
			settings = {
			};
		};
//8E0
//8E1
//8E2
//8E3
//8E4
//8F0
//8F1
//8F2
//8F3
//8F4
		8F2F52A20927B9BF00255460 = {
			buildActionMask = 2147483647;
			files = (
			);
			inputPaths = (
			);
			isa = PBXShellScriptBuildPhase;
			outputPaths = (
			);
			runOnlyForDeploymentPostprocessing = 0;
			shellPath = /bin/sh;
			shellScript = "mkdir ${BUILD_ROOT}/${TARGET_NAME}.app/Contents/Resources/lisp\ncp ${SRCROOT}/../lisp/*.scm ${BUILD_ROOT}/${TARGET_NAME}.app/Contents/Resources/lisp/";
		};
		8F5284160922B9FB008384AA = {
			fileEncoding = 30;
			isa = PBXFileReference;
			lastKnownFileType = text;
			path = "shape-tools.scm";
			refType = 4;
			sourceTree = "<group>";
		};
		8F5284170922B9FB008384AA = {
			fileRef = 8F5284160922B9FB008384AA;
			isa = PBXBuildFile;
			settings = {
			};
		};
		8F55ADED0901750B00028490 = {
			fileEncoding = 30;
			isa = PBXFileReference;
			lastKnownFileType = sourcecode.c.h;
			path = minara_menu.h;
			refType = 4;
			sourceTree = "<group>";
		};
		8F55ADEE0901750B00028490 = {
			fileEncoding = 30;
			isa = PBXFileReference;
			lastKnownFileType = sourcecode.c.c;
			path = minara_menu.c;
			refType = 4;
			sourceTree = "<group>";
		};
		8F55ADEF0901750B00028490 = {
			fileRef = 8F55ADED0901750B00028490;
			isa = PBXBuildFile;
			settings = {
			};
		};
		8F55ADF00901750B00028490 = {
			fileRef = 8F55ADEE0901750B00028490;
			isa = PBXBuildFile;
			settings = {
			};
		};
		8F55AE530901911500028490 = {
			children = (
				8F55AE540901911500028490,
				8F55AE550901911500028490,
				8F55AE560901911500028490,
				8F55AE570901911500028490,
				8F55AE580901911500028490,
				8F55AE590901911500028490,
				8F55AE5A0901911500028490,
				8F55AE5B0901911500028490,
				8F55AE5C0901911500028490,
				8F55AE5D0901911500028490,
				8F55AE5E0901911500028490,
				8F55AE5F0901911500028490,
				8F55AE600901911500028490,
				8F55AE610901911500028490,
				8F55AE620901911500028490,
				8F55AE630901911500028490,
				8F55AE640901911500028490,
				8F5284160922B9FB008384AA,
				8F55AE650901911500028490,
				8F55AE660901911500028490,
				8F55AE670901911500028490,
				8F55AE680901911500028490,
				8F55AE690901911500028490,
				8F55AE6A0901911500028490,
				8F55AE6B0901911500028490,
				8F55AE6C0901911500028490,
				8F55AE6D0901911500028490,
				8F55AE6E0901911500028490,
			);
			isa = PBXGroup;
			name = lisp;
			path = ../lisp;
			refType = 2;
			sourceTree = SOURCE_ROOT;
		};
		8F55AE540901911500028490 = {
			fileEncoding = 30;
			isa = PBXFileReference;
			lastKnownFileType = text;
			path = buffer.scm;
			refType = 4;
			sourceTree = "<group>";
		};
		8F55AE550901911500028490 = {
			fileEncoding = 30;
			isa = PBXFileReference;
			lastKnownFileType = text;
			path = "command-line.scm";
			refType = 4;
			sourceTree = "<group>";
		};
		8F55AE560901911500028490 = {
			fileEncoding = 30;
			isa = PBXFileReference;
			lastKnownFileType = text;
			path = events.scm;
			refType = 4;
			sourceTree = "<group>";
		};
		8F55AE570901911500028490 = {
			fileEncoding = 30;
			isa = PBXFileReference;
			lastKnownFileType = text;
			path = "expand-file-name.scm";
			refType = 4;
			sourceTree = "<group>";
		};
		8F55AE580901911500028490 = {
			fileEncoding = 30;
			isa = PBXFileReference;
			lastKnownFileType = text;
			path = fileutils.scm;
			refType = 4;
			sourceTree = "<group>";
		};
		8F55AE590901911500028490 = {
			fileEncoding = 30;
			isa = PBXFileReference;
			lastKnownFileType = text;
			path = fill.scm;
			refType = 4;
			sourceTree = "<group>";
		};
		8F55AE5A0901911500028490 = {
			fileEncoding = 30;
			isa = PBXFileReference;
			lastKnownFileType = text;
			path = "find-file.scm";
			refType = 4;
			sourceTree = "<group>";
		};
		8F55AE5B0901911500028490 = {
			fileEncoding = 30;
			isa = PBXFileReference;
			lastKnownFileType = text;
			path = "gap-buffer.scm";
			refType = 4;
			sourceTree = "<group>";
		};
		8F55AE5C0901911500028490 = {
			fileEncoding = 30;
			isa = PBXFileReference;
			lastKnownFileType = text;
			path = geometry.scm;
			refType = 4;
			sourceTree = "<group>";
		};
		8F55AE5D0901911500028490 = {
			fileEncoding = 30;
			isa = PBXFileReference;
			lastKnownFileType = text;
			path = keymap.scm;
			refType = 4;
			sourceTree = "<group>";
		};
		8F55AE5E0901911500028490 = {
			fileEncoding = 30;
			isa = PBXFileReference;
			lastKnownFileType = text;
			path = menu.scm;
			refType = 4;
			sourceTree = "<group>";
		};
		8F55AE5F0901911500028490 = {
			fileEncoding = 30;
			isa = PBXFileReference;
			lastKnownFileType = text;
			path = "minara-bootstrap.scm";
			refType = 4;
			sourceTree = "<group>";
		};
		8F55AE600901911500028490 = {
			fileEncoding = 30;
			isa = PBXFileReference;
			lastKnownFileType = text;
			path = minara.scm;
			refType = 4;
			sourceTree = "<group>";
		};
		8F55AE610901911500028490 = {
			fileEncoding = 30;
			isa = PBXFileReference;
			lastKnownFileType = text;
			path = "pen-tool.scm";
			refType = 4;
			sourceTree = "<group>";
		};
		8F55AE620901911500028490 = {
			fileEncoding = 30;
			isa = PBXFileReference;
			lastKnownFileType = text;
			path = picking.scm;
			refType = 4;
			sourceTree = "<group>";
		};
		8F55AE630901911500028490 = {
			fileEncoding = 30;
			isa = PBXFileReference;
			lastKnownFileType = text;
			path = rendering.scm;
			refType = 4;
			sourceTree = "<group>";
		};
		8F55AE640901911500028490 = {
			fileEncoding = 30;
			isa = PBXFileReference;
			lastKnownFileType = text;
			path = "save-buffer.scm";
			refType = 4;
			sourceTree = "<group>";
		};
		8F55AE650901911500028490 = {
			fileEncoding = 30;
			isa = PBXFileReference;
			lastKnownFileType = text;
			path = slurp.scm;
			refType = 4;
			sourceTree = "<group>";
		};
		8F55AE660901911500028490 = {
			fileEncoding = 30;
			isa = PBXFileReference;
			lastKnownFileType = text;
			path = "split-string-no-nulls.scm";
			refType = 4;
			sourceTree = "<group>";
		};
		8F55AE670901911500028490 = {
			fileEncoding = 30;
			isa = PBXFileReference;
			lastKnownFileType = text;
			path = test.scm;
			refType = 4;
			sourceTree = "<group>";
		};
		8F55AE680901911500028490 = {
			fileEncoding = 30;
			isa = PBXFileReference;
			lastKnownFileType = text;
			path = tool.scm;
			refType = 4;
			sourceTree = "<group>";
		};
		8F55AE690901911500028490 = {
			fileEncoding = 30;
			isa = PBXFileReference;
			lastKnownFileType = text;
			path = transformations.scm;
			refType = 4;
			sourceTree = "<group>";
		};
		8F55AE6A0901911500028490 = {
			fileEncoding = 30;
			isa = PBXFileReference;
			lastKnownFileType = text;
			path = undo.scm;
			refType = 4;
			sourceTree = "<group>";
		};
		8F55AE6B0901911500028490 = {
			fileEncoding = 30;
			isa = PBXFileReference;
			lastKnownFileType = text;
			path = "view-tools.scm";
			refType = 4;
			sourceTree = "<group>";
		};
		8F55AE6C0901911500028490 = {
			fileEncoding = 30;
			isa = PBXFileReference;
			lastKnownFileType = text;
			path = window.scm;
			refType = 4;
			sourceTree = "<group>";
		};
		8F55AE6D0901911500028490 = {
			fileEncoding = 30;
			isa = PBXFileReference;
			lastKnownFileType = text;
			path = "write-buffer-if-changed.scm";
			refType = 4;
			sourceTree = "<group>";
		};
		8F55AE6E0901911500028490 = {
			fileEncoding = 30;
			isa = PBXFileReference;
			lastKnownFileType = text;
			path = "write-buffer.scm";
			refType = 4;
			sourceTree = "<group>";
		};
		8F55AEAC090192A900028490 = {
			fileEncoding = 30;
			isa = PBXFileReference;
			lastKnownFileType = text;
			name = minara.minara;
			path = ../minara.minara;
			refType = 2;
			sourceTree = SOURCE_ROOT;
		};
		8F55AEAD090192A900028490 = {
			fileRef = 8F55AEAC090192A900028490;
			isa = PBXBuildFile;
			settings = {
			};
		};
		8F55AEAE0901933D00028490 = {
			buildActionMask = 2147483647;
			dstPath = Contents;
			dstSubfolderSpec = 1;
			files = (
				8F55AEB00901934E00028490,
			);
			isa = PBXCopyFilesBuildPhase;
			runOnlyForDeploymentPostprocessing = 0;
		};
		8F55AEB00901934E00028490 = {
			fileRef = 8F55AEAC090192A900028490;
			isa = PBXBuildFile;
			settings = {
			};
		};
		8F70B56905A85E3300740B98 = {
			children = (
				8FB6742A05C983C300A308F9,
				8FB6742B05C983C300A308F9,
				8FB597B605A8C5CB00E06CEA,
				8FB597B705A8C5CB00E06CEA,
				8FB597B805A8C5CB00E06CEA,
				8FB597B405A8C5CB00E06CEA,
				8FB597B505A8C5CB00E06CEA,
				8FB597B205A8C5CB00E06CEA,
				8FB597B305A8C5CB00E06CEA,
				8F55ADED0901750B00028490,
				8F55ADEE0901750B00028490,
				8FB597B005A8C5CB00E06CEA,
				8FB597B105A8C5CB00E06CEA,
				8FB597B905A8C5CB00E06CEA,
				8FB597AF05A8C5CB00E06CEA,
			);
			isa = PBXGroup;
			name = src;
			path = ../src;
			refType = 2;
			sourceTree = SOURCE_ROOT;
		};
		8F7B9C5905A71A190097257C = {
			children = (
				8F9BF72805A9BFDD008435CB,
				8F7B9C6605A71AD20097257C,
			);
			isa = PBXGroup;
			name = Libraries;
			refType = 4;
			sourceTree = "<group>";
		};
		8F7B9C6605A71AD20097257C = {
			children = (
				8F7B9C6705A71AD20097257C,
				8F7B9C6805A71AD20097257C,
				8F7B9C6905A71AD20097257C,
				8F7B9C6A05A71AD20097257C,
				8F7B9C6B05A71AD20097257C,
				8F7B9C6C05A71AD20097257C,
				8F7B9C6D05A71AD20097257C,
				8F7B9C6E05A71AD20097257C,
				8F7B9C6F05A71AD20097257C,
				8F7B9C7005A71AD20097257C,
				8F7B9C7105A71AD20097257C,
				8F7B9C7205A71AD20097257C,
				8F7B9C7305A71AD20097257C,
				8F7B9C7405A71AD20097257C,
				8F7B9C7505A71AD20097257C,
				8F7B9C7605A71AD20097257C,
				8F7B9C7705A71AD20097257C,
				8F7B9C7805A71AD20097257C,
				8F7B9C7905A71AD20097257C,
				8F7B9C7A05A71AD20097257C,
				8F7B9C7B05A71AD20097257C,
				8F7B9C7C05A71AD20097257C,
				8F7B9C7D05A71AD20097257C,
				8F7B9C7E05A71AD20097257C,
				8F7B9C7F05A71AD20097257C,
				8F7B9C8005A71AD20097257C,
				8F7B9C8105A71AD20097257C,
				8F7B9C8205A71AD20097257C,
				8F7B9C8305A71AD20097257C,
				8F7B9C8405A71AD20097257C,
				8F7B9C8505A71AD20097257C,
				8F7B9C8605A71AD20097257C,
				8F7B9C8705A71AD20097257C,
				8F7B9C8805A71AD20097257C,
				8F7B9C8905A71AD20097257C,
				8F7B9C8A05A71AD20097257C,
				8F7B9C8B05A71AD20097257C,
				8F7B9C8C05A71AD20097257C,
				8F7B9C8D05A71AD20097257C,
				8F7B9C8E05A71AD20097257C,
				8F7B9C8F05A71AD20097257C,
				8F7B9C9005A71AD20097257C,
				8F7B9C9105A71AD20097257C,
				8F7B9C9205A71AD20097257C,
				8F7B9C9305A71AD20097257C,
				8F7B9C9405A71AD20097257C,
				8F7B9C9505A71AD20097257C,
				8F7B9C9605A71AD20097257C,
				8F7B9C9705A71AD20097257C,
				8F7B9C9805A71AD20097257C,
				8F7B9C9905A71AD20097257C,
				8F7B9C9A05A71AD20097257C,
				8F7B9C9B05A71AD20097257C,
				8F7B9C9C05A71AD20097257C,
				8F7B9C9D05A71AD20097257C,
				8F7B9C9E05A71AD20097257C,
				8F7B9C9F05A71AD20097257C,
				8F7B9CA005A71AD20097257C,
				8F7B9CA105A71AD20097257C,
				8F7B9CA205A71AD20097257C,
				8F7B9CA305A71AD20097257C,
				8F7B9CA405A71AD20097257C,
				8F7B9CA505A71AD20097257C,
				8F7B9CA605A71AD20097257C,
				8F7B9CA705A71AD20097257C,
				8F7B9CA805A71AD20097257C,
				8F7B9CA905A71AD20097257C,
				8F7B9CAA05A71AD20097257C,
				8F7B9CAB05A71AD20097257C,
				8F7B9CAC05A71AD20097257C,
				8F7B9CAD05A71AD20097257C,
				8F7B9CAE05A71AD20097257C,
				8F7B9CAF05A71AD20097257C,
				8F7B9CB005A71AD20097257C,
				8F7B9CB105A71AD20097257C,
				8F7B9CB205A71AD20097257C,
				8F7B9CB305A71AD20097257C,
				8F7B9CB405A71AD20097257C,
				8F7B9CB505A71AD20097257C,
				8F7B9CB605A71AD20097257C,
				8F7B9CB705A71AD20097257C,
				8F7B9CB805A71AD20097257C,
				8F7B9CB905A71AD20097257C,
				8F7B9CBA05A71AD20097257C,
				8F7B9CBB05A71AD20097257C,
				8F7B9CBC05A71AD20097257C,
				8F7B9CBD05A71AD20097257C,
				8F7B9CBE05A71AD20097257C,
				8F7B9CBF05A71AD20097257C,
				8F7B9CC005A71AD20097257C,
				8F7B9CC105A71AD20097257C,
			);
			isa = PBXGroup;
			name = libguile;
			path = /sw/include/libguile;
			refType = 0;
			sourceTree = "<absolute>";
		};
		8F7B9C6705A71AD20097257C = {
			fileEncoding = 30;
			isa = PBXFileReference;
			lastKnownFileType = sourcecode.c.h;
			path = __scm.h;
			refType = 4;
			sourceTree = "<group>";
		};
		8F7B9C6805A71AD20097257C = {
			fileEncoding = 30;
			isa = PBXFileReference;
			lastKnownFileType = sourcecode.c.h;
			path = alist.h;
			refType = 4;
			sourceTree = "<group>";
		};
		8F7B9C6905A71AD20097257C = {
			fileEncoding = 30;
			isa = PBXFileReference;
			lastKnownFileType = sourcecode.c.h;
			path = arbiters.h;
			refType = 4;
			sourceTree = "<group>";
		};
		8F7B9C6A05A71AD20097257C = {
			fileEncoding = 30;
			isa = PBXFileReference;
			lastKnownFileType = sourcecode.c.h;
			path = async.h;
			refType = 4;
			sourceTree = "<group>";
		};
		8F7B9C6B05A71AD20097257C = {
			fileEncoding = 30;
			isa = PBXFileReference;
			lastKnownFileType = sourcecode.c.h;
			path = backtrace.h;
			refType = 4;
			sourceTree = "<group>";
		};
		8F7B9C6C05A71AD20097257C = {
			fileEncoding = 30;
			isa = PBXFileReference;
			lastKnownFileType = sourcecode.c.h;
			path = boolean.h;
			refType = 4;
			sourceTree = "<group>";
		};
		8F7B9C6D05A71AD20097257C = {
			fileEncoding = 30;
			isa = PBXFileReference;
			lastKnownFileType = sourcecode.c.h;
			path = chars.h;
			refType = 4;
			sourceTree = "<group>";
		};
		8F7B9C6E05A71AD20097257C = {
			fileEncoding = 30;
			isa = PBXFileReference;
			lastKnownFileType = sourcecode.c.h;
			path = continuations.h;
			refType = 4;
			sourceTree = "<group>";
		};
		8F7B9C6F05A71AD20097257C = {
			fileEncoding = 30;
			isa = PBXFileReference;
			lastKnownFileType = sourcecode.c.h;
			path = "coop-defs.h";
			refType = 4;
			sourceTree = "<group>";
		};
		8F7B9C7005A71AD20097257C = {
			fileEncoding = 30;
			isa = PBXFileReference;
			lastKnownFileType = sourcecode.c.h;
			path = "debug-malloc.h";
			refType = 4;
			sourceTree = "<group>";
		};
		8F7B9C7105A71AD20097257C = {
			fileEncoding = 30;
			isa = PBXFileReference;
			lastKnownFileType = sourcecode.c.h;
			path = debug.h;
			refType = 4;
			sourceTree = "<group>";
		};
		8F7B9C7205A71AD20097257C = {
			fileEncoding = 30;
			isa = PBXFileReference;
			lastKnownFileType = sourcecode.c.h;
			path = deprecation.h;
			refType = 4;
			sourceTree = "<group>";
		};
		8F7B9C7305A71AD20097257C = {
			fileEncoding = 30;
			isa = PBXFileReference;
			lastKnownFileType = sourcecode.c.h;
			path = dynl.h;
			refType = 4;
			sourceTree = "<group>";
		};
		8F7B9C7405A71AD20097257C = {
			fileEncoding = 30;
			isa = PBXFileReference;
			lastKnownFileType = sourcecode.c.h;
			path = dynwind.h;
			refType = 4;
			sourceTree = "<group>";
		};
		8F7B9C7505A71AD20097257C = {
			fileEncoding = 30;
			isa = PBXFileReference;
			lastKnownFileType = sourcecode.c.h;
			path = environments.h;
			refType = 4;
			sourceTree = "<group>";
		};
		8F7B9C7605A71AD20097257C = {
			fileEncoding = 30;
			isa = PBXFileReference;
			lastKnownFileType = sourcecode.c.h;
			path = eq.h;
			refType = 4;
			sourceTree = "<group>";
		};
		8F7B9C7705A71AD20097257C = {
			fileEncoding = 30;
			isa = PBXFileReference;
			lastKnownFileType = sourcecode.c.h;
			path = error.h;
			refType = 4;
			sourceTree = "<group>";
		};
		8F7B9C7805A71AD20097257C = {
			fileEncoding = 30;
			isa = PBXFileReference;
			lastKnownFileType = sourcecode.c.h;
			path = eval.h;
			refType = 4;
			sourceTree = "<group>";
		};
		8F7B9C7905A71AD20097257C = {
			fileEncoding = 30;
			isa = PBXFileReference;
			lastKnownFileType = sourcecode.c.h;
			path = evalext.h;
			refType = 4;
			sourceTree = "<group>";
		};
		8F7B9C7A05A71AD20097257C = {
			fileEncoding = 30;
			isa = PBXFileReference;
			lastKnownFileType = sourcecode.c.h;
			path = extensions.h;
			refType = 4;
			sourceTree = "<group>";
		};
		8F7B9C7B05A71AD20097257C = {
			fileEncoding = 30;
			isa = PBXFileReference;
			lastKnownFileType = sourcecode.c.h;
			path = feature.h;
			refType = 4;
			sourceTree = "<group>";
		};
		8F7B9C7C05A71AD20097257C = {
			fileEncoding = 30;
			isa = PBXFileReference;
			lastKnownFileType = sourcecode.c.h;
			path = filesys.h;
			refType = 4;
			sourceTree = "<group>";
		};
		8F7B9C7D05A71AD20097257C = {
			fileEncoding = 30;
			isa = PBXFileReference;
			lastKnownFileType = sourcecode.c.h;
			path = fluids.h;
			refType = 4;
			sourceTree = "<group>";
		};
		8F7B9C7E05A71AD20097257C = {
			fileEncoding = 30;
			isa = PBXFileReference;
			lastKnownFileType = sourcecode.c.h;
			path = fports.h;
			refType = 4;
			sourceTree = "<group>";
		};
		8F7B9C7F05A71AD20097257C = {
			fileEncoding = 30;
			isa = PBXFileReference;
			lastKnownFileType = sourcecode.c.h;
			path = gc.h;
			refType = 4;
			sourceTree = "<group>";
		};
		8F7B9C8005A71AD20097257C = {
			fileEncoding = 30;
			isa = PBXFileReference;
			lastKnownFileType = sourcecode.c.h;
			path = gdb_interface.h;
			refType = 4;
			sourceTree = "<group>";
		};
		8F7B9C8105A71AD20097257C = {
			fileEncoding = 30;
			isa = PBXFileReference;
			lastKnownFileType = sourcecode.c.h;
			path = gdbint.h;
			refType = 4;
			sourceTree = "<group>";
		};
		8F7B9C8205A71AD20097257C = {
			fileEncoding = 30;
			isa = PBXFileReference;
			lastKnownFileType = sourcecode.c.h;
			path = goops.h;
			refType = 4;
			sourceTree = "<group>";
		};
		8F7B9C8305A71AD20097257C = {
			fileEncoding = 30;
			isa = PBXFileReference;
			lastKnownFileType = sourcecode.c.h;
			path = gsubr.h;
			refType = 4;
			sourceTree = "<group>";
		};
		8F7B9C8405A71AD20097257C = {
			fileEncoding = 30;
			isa = PBXFileReference;
			lastKnownFileType = sourcecode.c.h;
			path = guardians.h;
			refType = 4;
			sourceTree = "<group>";
		};
		8F7B9C8505A71AD20097257C = {
			fileEncoding = 30;
			isa = PBXFileReference;
			lastKnownFileType = sourcecode.c.h;
			path = hash.h;
			refType = 4;
			sourceTree = "<group>";
		};
		8F7B9C8605A71AD20097257C = {
			fileEncoding = 30;
			isa = PBXFileReference;
			lastKnownFileType = sourcecode.c.h;
			path = hashtab.h;
			refType = 4;
			sourceTree = "<group>";
		};
		8F7B9C8705A71AD20097257C = {
			fileEncoding = 30;
			isa = PBXFileReference;
			lastKnownFileType = sourcecode.c.h;
			path = hooks.h;
			refType = 4;
			sourceTree = "<group>";
		};
		8F7B9C8805A71AD20097257C = {
			fileEncoding = 30;
			isa = PBXFileReference;
			lastKnownFileType = sourcecode.c.h;
			path = init.h;
			refType = 4;
			sourceTree = "<group>";
		};
		8F7B9C8905A71AD20097257C = {
			fileEncoding = 30;
			isa = PBXFileReference;
			lastKnownFileType = sourcecode.c.h;
			path = ioext.h;
			refType = 4;
			sourceTree = "<group>";
		};
		8F7B9C8A05A71AD20097257C = {
			fileEncoding = 30;
			isa = PBXFileReference;
			lastKnownFileType = sourcecode.c.h;
			path = iselect.h;
			refType = 4;
			sourceTree = "<group>";
		};
		8F7B9C8B05A71AD20097257C = {
			fileEncoding = 30;
			isa = PBXFileReference;
			lastKnownFileType = sourcecode.c.h;
			path = keywords.h;
			refType = 4;
			sourceTree = "<group>";
		};
		8F7B9C8C05A71AD20097257C = {
			fileEncoding = 30;
			isa = PBXFileReference;
			lastKnownFileType = sourcecode.c.h;
			path = lang.h;
			refType = 4;
			sourceTree = "<group>";
		};
		8F7B9C8D05A71AD20097257C = {
			fileEncoding = 30;
			isa = PBXFileReference;
			lastKnownFileType = sourcecode.c.h;
			path = list.h;
			refType = 4;
			sourceTree = "<group>";
		};
		8F7B9C8E05A71AD20097257C = {
			fileEncoding = 30;
			isa = PBXFileReference;
			lastKnownFileType = sourcecode.c.h;
			path = load.h;
			refType = 4;
			sourceTree = "<group>";
		};
		8F7B9C8F05A71AD20097257C = {
			fileEncoding = 30;
			isa = PBXFileReference;
			lastKnownFileType = sourcecode.c.h;
			path = macros.h;
			refType = 4;
			sourceTree = "<group>";
		};
		8F7B9C9005A71AD20097257C = {
			fileEncoding = 30;
			isa = PBXFileReference;
			lastKnownFileType = sourcecode.c.h;
			path = mallocs.h;
			refType = 4;
			sourceTree = "<group>";
		};
		8F7B9C9105A71AD20097257C = {
			fileEncoding = 30;
			isa = PBXFileReference;
			lastKnownFileType = sourcecode.c.h;
			path = modules.h;
			refType = 4;
			sourceTree = "<group>";
		};
		8F7B9C9205A71AD20097257C = {
			fileEncoding = 30;
			isa = PBXFileReference;
			lastKnownFileType = sourcecode.c.h;
			path = net_db.h;
			refType = 4;
			sourceTree = "<group>";
		};
		8F7B9C9305A71AD20097257C = {
			fileEncoding = 30;
			isa = PBXFileReference;
			lastKnownFileType = sourcecode.c.h;
			path = numbers.h;
			refType = 4;
			sourceTree = "<group>";
		};
		8F7B9C9405A71AD20097257C = {
			fileEncoding = 30;
			isa = PBXFileReference;
			lastKnownFileType = sourcecode.c.h;
			path = objects.h;
			refType = 4;
			sourceTree = "<group>";
		};
		8F7B9C9505A71AD20097257C = {
			fileEncoding = 30;
			isa = PBXFileReference;
			lastKnownFileType = sourcecode.c.h;
			path = objprop.h;
			refType = 4;
			sourceTree = "<group>";
		};
		8F7B9C9605A71AD20097257C = {
			fileEncoding = 30;
			isa = PBXFileReference;
			lastKnownFileType = sourcecode.c.h;
			path = options.h;
			refType = 4;
			sourceTree = "<group>";
		};
		8F7B9C9705A71AD20097257C = {
			fileEncoding = 30;
			isa = PBXFileReference;
			lastKnownFileType = sourcecode.c.h;
			path = pairs.h;
			refType = 4;
			sourceTree = "<group>";
		};
		8F7B9C9805A71AD20097257C = {
			fileEncoding = 30;
			isa = PBXFileReference;
			lastKnownFileType = sourcecode.c.h;
			path = ports.h;
			refType = 4;
			sourceTree = "<group>";
		};
		8F7B9C9905A71AD20097257C = {
			fileEncoding = 30;
			isa = PBXFileReference;
			lastKnownFileType = sourcecode.c.h;
			path = posix.h;
			refType = 4;
			sourceTree = "<group>";
		};
		8F7B9C9A05A71AD20097257C = {
			fileEncoding = 30;
			isa = PBXFileReference;
			lastKnownFileType = sourcecode.c.h;
			path = print.h;
			refType = 4;
			sourceTree = "<group>";
		};
		8F7B9C9B05A71AD20097257C = {
			fileEncoding = 30;
			isa = PBXFileReference;
			lastKnownFileType = sourcecode.c.h;
			path = procprop.h;
			refType = 4;
			sourceTree = "<group>";
		};
		8F7B9C9C05A71AD20097257C = {
			fileEncoding = 30;
			isa = PBXFileReference;
			lastKnownFileType = sourcecode.c.h;
			path = procs.h;
			refType = 4;
			sourceTree = "<group>";
		};
		8F7B9C9D05A71AD20097257C = {
			fileEncoding = 30;
			isa = PBXFileReference;
			lastKnownFileType = sourcecode.c.h;
			path = properties.h;
			refType = 4;
			sourceTree = "<group>";
		};
		8F7B9C9E05A71AD20097257C = {
			fileEncoding = 30;
			isa = PBXFileReference;
			lastKnownFileType = sourcecode.c.h;
			path = ramap.h;
			refType = 4;
			sourceTree = "<group>";
		};
		8F7B9C9F05A71AD20097257C = {
			fileEncoding = 30;
			isa = PBXFileReference;
			lastKnownFileType = sourcecode.c.h;
			path = random.h;
			refType = 4;
			sourceTree = "<group>";
		};
		8F7B9CA005A71AD20097257C = {
			fileEncoding = 30;
			isa = PBXFileReference;
			lastKnownFileType = sourcecode.c.h;
			path = rdelim.h;
			refType = 4;
			sourceTree = "<group>";
		};
		8F7B9CA105A71AD20097257C = {
			fileEncoding = 30;
			isa = PBXFileReference;
			lastKnownFileType = sourcecode.c.h;
			path = read.h;
			refType = 4;
			sourceTree = "<group>";
		};
		8F7B9CA205A71AD20097257C = {
			fileEncoding = 30;
			isa = PBXFileReference;
			lastKnownFileType = sourcecode.c.h;
			path = "regex-posix.h";
			refType = 4;
			sourceTree = "<group>";
		};
		8F7B9CA305A71AD20097257C = {
			fileEncoding = 30;
			isa = PBXFileReference;
			lastKnownFileType = sourcecode.c.h;
			path = root.h;
			refType = 4;
			sourceTree = "<group>";
		};
		8F7B9CA405A71AD20097257C = {
			fileEncoding = 30;
			isa = PBXFileReference;
			lastKnownFileType = sourcecode.c.h;
			path = rw.h;
			refType = 4;
			sourceTree = "<group>";
		};
		8F7B9CA505A71AD20097257C = {
			fileEncoding = 30;
			isa = PBXFileReference;
			lastKnownFileType = sourcecode.c.h;
			path = scmconfig.h;
			refType = 4;
			sourceTree = "<group>";
		};
		8F7B9CA605A71AD20097257C = {
			fileEncoding = 30;
			isa = PBXFileReference;
			lastKnownFileType = sourcecode.c.h;
			path = scmsigs.h;
			refType = 4;
			sourceTree = "<group>";
		};
		8F7B9CA705A71AD20097257C = {
			fileEncoding = 30;
			isa = PBXFileReference;
			lastKnownFileType = sourcecode.c.h;
			path = script.h;
			refType = 4;
			sourceTree = "<group>";
		};
		8F7B9CA805A71AD20097257C = {
			fileEncoding = 30;
			isa = PBXFileReference;
			lastKnownFileType = sourcecode.c.h;
			path = simpos.h;
			refType = 4;
			sourceTree = "<group>";
		};
		8F7B9CA905A71AD20097257C = {
			fileEncoding = 30;
			isa = PBXFileReference;
			lastKnownFileType = sourcecode.c.h;
			path = smob.h;
			refType = 4;
			sourceTree = "<group>";
		};
		8F7B9CAA05A71AD20097257C = {
			fileEncoding = 30;
			isa = PBXFileReference;
			lastKnownFileType = sourcecode.c.h;
			path = snarf.h;
			refType = 4;
			sourceTree = "<group>";
		};
		8F7B9CAB05A71AD20097257C = {
			fileEncoding = 30;
			isa = PBXFileReference;
			lastKnownFileType = sourcecode.c.h;
			path = socket.h;
			refType = 4;
			sourceTree = "<group>";
		};
		8F7B9CAC05A71AD20097257C = {
			fileEncoding = 30;
			isa = PBXFileReference;
			lastKnownFileType = sourcecode.c.h;
			path = sort.h;
			refType = 4;
			sourceTree = "<group>";
		};
		8F7B9CAD05A71AD20097257C = {
			fileEncoding = 30;
			isa = PBXFileReference;
			lastKnownFileType = sourcecode.c.h;
			path = srcprop.h;
			refType = 4;
			sourceTree = "<group>";
		};
		8F7B9CAE05A71AD20097257C = {
			fileEncoding = 30;
			isa = PBXFileReference;
			lastKnownFileType = sourcecode.c.h;
			path = stackchk.h;
			refType = 4;
			sourceTree = "<group>";
		};
		8F7B9CAF05A71AD20097257C = {
			fileEncoding = 30;
			isa = PBXFileReference;
			lastKnownFileType = sourcecode.c.h;
			path = stacks.h;
			refType = 4;
			sourceTree = "<group>";
		};
		8F7B9CB005A71AD20097257C = {
			fileEncoding = 30;
			isa = PBXFileReference;
			lastKnownFileType = sourcecode.c.h;
			path = stime.h;
			refType = 4;
			sourceTree = "<group>";
		};
		8F7B9CB105A71AD20097257C = {
			fileEncoding = 30;
			isa = PBXFileReference;
			lastKnownFileType = sourcecode.c.h;
			path = strings.h;
			refType = 4;
			sourceTree = "<group>";
		};
		8F7B9CB205A71AD20097257C = {
			fileEncoding = 30;
			isa = PBXFileReference;
			lastKnownFileType = sourcecode.c.h;
			path = strop.h;
			refType = 4;
			sourceTree = "<group>";
		};
		8F7B9CB305A71AD20097257C = {
			fileEncoding = 30;
			isa = PBXFileReference;
			lastKnownFileType = sourcecode.c.h;
			path = strorder.h;
			refType = 4;
			sourceTree = "<group>";
		};
		8F7B9CB405A71AD20097257C = {
			fileEncoding = 30;
			isa = PBXFileReference;
			lastKnownFileType = sourcecode.c.h;
			path = strports.h;
			refType = 4;
			sourceTree = "<group>";
		};
		8F7B9CB505A71AD20097257C = {
			fileEncoding = 30;
			isa = PBXFileReference;
			lastKnownFileType = sourcecode.c.h;
			path = struct.h;
			refType = 4;
			sourceTree = "<group>";
		};
		8F7B9CB605A71AD20097257C = {
			fileEncoding = 30;
			isa = PBXFileReference;
			lastKnownFileType = sourcecode.c.h;
			path = symbols.h;
			refType = 4;
			sourceTree = "<group>";
		};
		8F7B9CB705A71AD20097257C = {
			fileEncoding = 30;
			isa = PBXFileReference;
			lastKnownFileType = sourcecode.c.h;
			path = tags.h;
			refType = 4;
			sourceTree = "<group>";
		};
		8F7B9CB805A71AD20097257C = {
			fileEncoding = 30;
			isa = PBXFileReference;
			lastKnownFileType = sourcecode.c.h;
			path = threads.h;
			refType = 4;
			sourceTree = "<group>";
		};
		8F7B9CB905A71AD20097257C = {
			fileEncoding = 30;
			isa = PBXFileReference;
			lastKnownFileType = sourcecode.c.h;
			path = throw.h;
			refType = 4;
			sourceTree = "<group>";
		};
		8F7B9CBA05A71AD20097257C = {
			fileEncoding = 30;
			isa = PBXFileReference;
			lastKnownFileType = sourcecode.c.h;
			path = unif.h;
			refType = 4;
			sourceTree = "<group>";
		};
		8F7B9CBB05A71AD20097257C = {
			fileEncoding = 30;
			isa = PBXFileReference;
			lastKnownFileType = sourcecode.c.h;
			path = validate.h;
			refType = 4;
			sourceTree = "<group>";
		};
		8F7B9CBC05A71AD20097257C = {
			fileEncoding = 30;
			isa = PBXFileReference;
			lastKnownFileType = sourcecode.c.h;
			path = values.h;
			refType = 4;
			sourceTree = "<group>";
		};
		8F7B9CBD05A71AD20097257C = {
			fileEncoding = 30;
			isa = PBXFileReference;
			lastKnownFileType = sourcecode.c.h;
			path = variable.h;
			refType = 4;
			sourceTree = "<group>";
		};
		8F7B9CBE05A71AD20097257C = {
			fileEncoding = 30;
			isa = PBXFileReference;
			lastKnownFileType = sourcecode.c.h;
			path = vectors.h;
			refType = 4;
			sourceTree = "<group>";
		};
		8F7B9CBF05A71AD20097257C = {
			fileEncoding = 30;
			isa = PBXFileReference;
			lastKnownFileType = sourcecode.c.h;
			path = version.h;
			refType = 4;
			sourceTree = "<group>";
		};
		8F7B9CC005A71AD20097257C = {
			fileEncoding = 30;
			isa = PBXFileReference;
			lastKnownFileType = sourcecode.c.h;
			path = vports.h;
			refType = 4;
			sourceTree = "<group>";
		};
		8F7B9CC105A71AD20097257C = {
			fileEncoding = 30;
			isa = PBXFileReference;
			lastKnownFileType = sourcecode.c.h;
			path = weaks.h;
			refType = 4;
			sourceTree = "<group>";
		};
		8F7B9CC205A71AD20097257C = {
			fileRef = 8F7B9C6705A71AD20097257C;
			isa = PBXBuildFile;
			settings = {
			};
		};
		8F7B9CC305A71AD20097257C = {
			fileRef = 8F7B9C6805A71AD20097257C;
			isa = PBXBuildFile;
			settings = {
			};
		};
		8F7B9CC405A71AD20097257C = {
			fileRef = 8F7B9C6905A71AD20097257C;
			isa = PBXBuildFile;
			settings = {
			};
		};
		8F7B9CC505A71AD20097257C = {
			fileRef = 8F7B9C6A05A71AD20097257C;
			isa = PBXBuildFile;
			settings = {
			};
		};
		8F7B9CC605A71AD20097257C = {
			fileRef = 8F7B9C6B05A71AD20097257C;
			isa = PBXBuildFile;
			settings = {
			};
		};
		8F7B9CC705A71AD20097257C = {
			fileRef = 8F7B9C6C05A71AD20097257C;
			isa = PBXBuildFile;
			settings = {
			};
		};
		8F7B9CC805A71AD20097257C = {
			fileRef = 8F7B9C6D05A71AD20097257C;
			isa = PBXBuildFile;
			settings = {
			};
		};
		8F7B9CC905A71AD20097257C = {
			fileRef = 8F7B9C6E05A71AD20097257C;
			isa = PBXBuildFile;
			settings = {
			};
		};
		8F7B9CCA05A71AD20097257C = {
			fileRef = 8F7B9C6F05A71AD20097257C;
			isa = PBXBuildFile;
			settings = {
			};
		};
		8F7B9CCB05A71AD20097257C = {
			fileRef = 8F7B9C7005A71AD20097257C;
			isa = PBXBuildFile;
			settings = {
			};
		};
		8F7B9CCC05A71AD20097257C = {
			fileRef = 8F7B9C7105A71AD20097257C;
			isa = PBXBuildFile;
			settings = {
			};
		};
		8F7B9CCD05A71AD20097257C = {
			fileRef = 8F7B9C7205A71AD20097257C;
			isa = PBXBuildFile;
			settings = {
			};
		};
		8F7B9CCE05A71AD20097257C = {
			fileRef = 8F7B9C7305A71AD20097257C;
			isa = PBXBuildFile;
			settings = {
			};
		};
		8F7B9CCF05A71AD20097257C = {
			fileRef = 8F7B9C7405A71AD20097257C;
			isa = PBXBuildFile;
			settings = {
			};
		};
		8F7B9CD005A71AD20097257C = {
			fileRef = 8F7B9C7505A71AD20097257C;
			isa = PBXBuildFile;
			settings = {
			};
		};
		8F7B9CD105A71AD20097257C = {
			fileRef = 8F7B9C7605A71AD20097257C;
			isa = PBXBuildFile;
			settings = {
			};
		};
		8F7B9CD205A71AD20097257C = {
			fileRef = 8F7B9C7705A71AD20097257C;
			isa = PBXBuildFile;
			settings = {
			};
		};
		8F7B9CD305A71AD20097257C = {
			fileRef = 8F7B9C7805A71AD20097257C;
			isa = PBXBuildFile;
			settings = {
			};
		};
		8F7B9CD405A71AD20097257C = {
			fileRef = 8F7B9C7905A71AD20097257C;
			isa = PBXBuildFile;
			settings = {
			};
		};
		8F7B9CD505A71AD20097257C = {
			fileRef = 8F7B9C7A05A71AD20097257C;
			isa = PBXBuildFile;
			settings = {
			};
		};
		8F7B9CD605A71AD20097257C = {
			fileRef = 8F7B9C7B05A71AD20097257C;
			isa = PBXBuildFile;
			settings = {
			};
		};
		8F7B9CD705A71AD20097257C = {
			fileRef = 8F7B9C7C05A71AD20097257C;
			isa = PBXBuildFile;
			settings = {
			};
		};
		8F7B9CD805A71AD20097257C = {
			fileRef = 8F7B9C7D05A71AD20097257C;
			isa = PBXBuildFile;
			settings = {
			};
		};
		8F7B9CD905A71AD20097257C = {
			fileRef = 8F7B9C7E05A71AD20097257C;
			isa = PBXBuildFile;
			settings = {
			};
		};
		8F7B9CDA05A71AD20097257C = {
			fileRef = 8F7B9C7F05A71AD20097257C;
			isa = PBXBuildFile;
			settings = {
			};
		};
		8F7B9CDB05A71AD20097257C = {
			fileRef = 8F7B9C8005A71AD20097257C;
			isa = PBXBuildFile;
			settings = {
			};
		};
		8F7B9CDC05A71AD20097257C = {
			fileRef = 8F7B9C8105A71AD20097257C;
			isa = PBXBuildFile;
			settings = {
			};
		};
		8F7B9CDD05A71AD20097257C = {
			fileRef = 8F7B9C8205A71AD20097257C;
			isa = PBXBuildFile;
			settings = {
			};
		};
		8F7B9CDE05A71AD20097257C = {
			fileRef = 8F7B9C8305A71AD20097257C;
			isa = PBXBuildFile;
			settings = {
			};
		};
		8F7B9CDF05A71AD20097257C = {
			fileRef = 8F7B9C8405A71AD20097257C;
			isa = PBXBuildFile;
			settings = {
			};
		};
		8F7B9CE005A71AD20097257C = {
			fileRef = 8F7B9C8505A71AD20097257C;
			isa = PBXBuildFile;
			settings = {
			};
		};
		8F7B9CE105A71AD20097257C = {
			fileRef = 8F7B9C8605A71AD20097257C;
			isa = PBXBuildFile;
			settings = {
			};
		};
		8F7B9CE205A71AD20097257C = {
			fileRef = 8F7B9C8705A71AD20097257C;
			isa = PBXBuildFile;
			settings = {
			};
		};
		8F7B9CE305A71AD20097257C = {
			fileRef = 8F7B9C8805A71AD20097257C;
			isa = PBXBuildFile;
			settings = {
			};
		};
		8F7B9CE405A71AD20097257C = {
			fileRef = 8F7B9C8905A71AD20097257C;
			isa = PBXBuildFile;
			settings = {
			};
		};
		8F7B9CE505A71AD20097257C = {
			fileRef = 8F7B9C8A05A71AD20097257C;
			isa = PBXBuildFile;
			settings = {
			};
		};
		8F7B9CE605A71AD20097257C = {
			fileRef = 8F7B9C8B05A71AD20097257C;
			isa = PBXBuildFile;
			settings = {
			};
		};
		8F7B9CE705A71AD20097257C = {
			fileRef = 8F7B9C8C05A71AD20097257C;
			isa = PBXBuildFile;
			settings = {
			};
		};
		8F7B9CE805A71AD20097257C = {
			fileRef = 8F7B9C8D05A71AD20097257C;
			isa = PBXBuildFile;
			settings = {
			};
		};
		8F7B9CE905A71AD20097257C = {
			fileRef = 8F7B9C8E05A71AD20097257C;
			isa = PBXBuildFile;
			settings = {
			};
		};
		8F7B9CEA05A71AD20097257C = {
			fileRef = 8F7B9C8F05A71AD20097257C;
			isa = PBXBuildFile;
			settings = {
			};
		};
		8F7B9CEB05A71AD20097257C = {
			fileRef = 8F7B9C9005A71AD20097257C;
			isa = PBXBuildFile;
			settings = {
			};
		};
		8F7B9CEC05A71AD20097257C = {
			fileRef = 8F7B9C9105A71AD20097257C;
			isa = PBXBuildFile;
			settings = {
			};
		};
		8F7B9CED05A71AD20097257C = {
			fileRef = 8F7B9C9205A71AD20097257C;
			isa = PBXBuildFile;
			settings = {
			};
		};
		8F7B9CEE05A71AD20097257C = {
			fileRef = 8F7B9C9305A71AD20097257C;
			isa = PBXBuildFile;
			settings = {
			};
		};
		8F7B9CEF05A71AD20097257C = {
			fileRef = 8F7B9C9405A71AD20097257C;
			isa = PBXBuildFile;
			settings = {
			};
		};
		8F7B9CF005A71AD20097257C = {
			fileRef = 8F7B9C9505A71AD20097257C;
			isa = PBXBuildFile;
			settings = {
			};
		};
		8F7B9CF105A71AD20097257C = {
			fileRef = 8F7B9C9605A71AD20097257C;
			isa = PBXBuildFile;
			settings = {
			};
		};
		8F7B9CF205A71AD20097257C = {
			fileRef = 8F7B9C9705A71AD20097257C;
			isa = PBXBuildFile;
			settings = {
			};
		};
		8F7B9CF305A71AD20097257C = {
			fileRef = 8F7B9C9805A71AD20097257C;
			isa = PBXBuildFile;
			settings = {
			};
		};
		8F7B9CF405A71AD20097257C = {
			fileRef = 8F7B9C9905A71AD20097257C;
			isa = PBXBuildFile;
			settings = {
			};
		};
		8F7B9CF505A71AD20097257C = {
			fileRef = 8F7B9C9A05A71AD20097257C;
			isa = PBXBuildFile;
			settings = {
			};
		};
		8F7B9CF605A71AD20097257C = {
			fileRef = 8F7B9C9B05A71AD20097257C;
			isa = PBXBuildFile;
			settings = {
			};
		};
		8F7B9CF705A71AD20097257C = {
			fileRef = 8F7B9C9C05A71AD20097257C;
			isa = PBXBuildFile;
			settings = {
			};
		};
		8F7B9CF805A71AD20097257C = {
			fileRef = 8F7B9C9D05A71AD20097257C;
			isa = PBXBuildFile;
			settings = {
			};
		};
		8F7B9CF905A71AD20097257C = {
			fileRef = 8F7B9C9E05A71AD20097257C;
			isa = PBXBuildFile;
			settings = {
			};
		};
		8F7B9CFA05A71AD20097257C = {
			fileRef = 8F7B9C9F05A71AD20097257C;
			isa = PBXBuildFile;
			settings = {
			};
		};
		8F7B9CFB05A71AD20097257C = {
			fileRef = 8F7B9CA005A71AD20097257C;
			isa = PBXBuildFile;
			settings = {
			};
		};
		8F7B9CFC05A71AD20097257C = {
			fileRef = 8F7B9CA105A71AD20097257C;
			isa = PBXBuildFile;
			settings = {
			};
		};
		8F7B9CFD05A71AD20097257C = {
			fileRef = 8F7B9CA205A71AD20097257C;
			isa = PBXBuildFile;
			settings = {
			};
		};
		8F7B9CFE05A71AD20097257C = {
			fileRef = 8F7B9CA305A71AD20097257C;
			isa = PBXBuildFile;
			settings = {
			};
		};
		8F7B9CFF05A71AD20097257C = {
			fileRef = 8F7B9CA405A71AD20097257C;
			isa = PBXBuildFile;
			settings = {
			};
		};
		8F7B9D0005A71AD20097257C = {
			fileRef = 8F7B9CA505A71AD20097257C;
			isa = PBXBuildFile;
			settings = {
			};
		};
		8F7B9D0105A71AD20097257C = {
			fileRef = 8F7B9CA605A71AD20097257C;
			isa = PBXBuildFile;
			settings = {
			};
		};
		8F7B9D0205A71AD20097257C = {
			fileRef = 8F7B9CA705A71AD20097257C;
			isa = PBXBuildFile;
			settings = {
			};
		};
		8F7B9D0305A71AD20097257C = {
			fileRef = 8F7B9CA805A71AD20097257C;
			isa = PBXBuildFile;
			settings = {
			};
		};
		8F7B9D0405A71AD20097257C = {
			fileRef = 8F7B9CA905A71AD20097257C;
			isa = PBXBuildFile;
			settings = {
			};
		};
		8F7B9D0505A71AD20097257C = {
			fileRef = 8F7B9CAA05A71AD20097257C;
			isa = PBXBuildFile;
			settings = {
			};
		};
		8F7B9D0605A71AD20097257C = {
			fileRef = 8F7B9CAB05A71AD20097257C;
			isa = PBXBuildFile;
			settings = {
			};
		};
		8F7B9D0705A71AD20097257C = {
			fileRef = 8F7B9CAC05A71AD20097257C;
			isa = PBXBuildFile;
			settings = {
			};
		};
		8F7B9D0805A71AD20097257C = {
			fileRef = 8F7B9CAD05A71AD20097257C;
			isa = PBXBuildFile;
			settings = {
			};
		};
		8F7B9D0905A71AD20097257C = {
			fileRef = 8F7B9CAE05A71AD20097257C;
			isa = PBXBuildFile;
			settings = {
			};
		};
		8F7B9D0A05A71AD20097257C = {
			fileRef = 8F7B9CAF05A71AD20097257C;
			isa = PBXBuildFile;
			settings = {
			};
		};
		8F7B9D0B05A71AD20097257C = {
			fileRef = 8F7B9CB005A71AD20097257C;
			isa = PBXBuildFile;
			settings = {
			};
		};
		8F7B9D0C05A71AD20097257C = {
			fileRef = 8F7B9CB105A71AD20097257C;
			isa = PBXBuildFile;
			settings = {
			};
		};
		8F7B9D0D05A71AD20097257C = {
			fileRef = 8F7B9CB205A71AD20097257C;
			isa = PBXBuildFile;
			settings = {
			};
		};
		8F7B9D0E05A71AD20097257C = {
			fileRef = 8F7B9CB305A71AD20097257C;
			isa = PBXBuildFile;
			settings = {
			};
		};
		8F7B9D0F05A71AD20097257C = {
			fileRef = 8F7B9CB405A71AD20097257C;
			isa = PBXBuildFile;
			settings = {
			};
		};
		8F7B9D1005A71AD20097257C = {
			fileRef = 8F7B9CB505A71AD20097257C;
			isa = PBXBuildFile;
			settings = {
			};
		};
		8F7B9D1105A71AD20097257C = {
			fileRef = 8F7B9CB605A71AD20097257C;
			isa = PBXBuildFile;
			settings = {
			};
		};
		8F7B9D1205A71AD20097257C = {
			fileRef = 8F7B9CB705A71AD20097257C;
			isa = PBXBuildFile;
			settings = {
			};
		};
		8F7B9D1305A71AD20097257C = {
			fileRef = 8F7B9CB805A71AD20097257C;
			isa = PBXBuildFile;
			settings = {
			};
		};
		8F7B9D1405A71AD20097257C = {
			fileRef = 8F7B9CB905A71AD20097257C;
			isa = PBXBuildFile;
			settings = {
			};
		};
		8F7B9D1505A71AD20097257C = {
			fileRef = 8F7B9CBA05A71AD20097257C;
			isa = PBXBuildFile;
			settings = {
			};
		};
		8F7B9D1605A71AD20097257C = {
			fileRef = 8F7B9CBB05A71AD20097257C;
			isa = PBXBuildFile;
			settings = {
			};
		};
		8F7B9D1705A71AD20097257C = {
			fileRef = 8F7B9CBC05A71AD20097257C;
			isa = PBXBuildFile;
			settings = {
			};
		};
		8F7B9D1805A71AD20097257C = {
			fileRef = 8F7B9CBD05A71AD20097257C;
			isa = PBXBuildFile;
			settings = {
			};
		};
		8F7B9D1905A71AD20097257C = {
			fileRef = 8F7B9CBE05A71AD20097257C;
			isa = PBXBuildFile;
			settings = {
			};
		};
		8F7B9D1A05A71AD20097257C = {
			fileRef = 8F7B9CBF05A71AD20097257C;
			isa = PBXBuildFile;
			settings = {
			};
		};
		8F7B9D1B05A71AD20097257C = {
			fileRef = 8F7B9CC005A71AD20097257C;
			isa = PBXBuildFile;
			settings = {
			};
		};
		8F7B9D1C05A71AD20097257C = {
			fileRef = 8F7B9CC105A71AD20097257C;
			isa = PBXBuildFile;
			settings = {
			};
		};
		8F9BF72805A9BFDD008435CB = {
			isa = PBXFileReference;
			lastKnownFileType = "compiled.mach-o.dylib";
			name = libguile.dylib;
			path = /sw/lib/libguile.dylib;
			refType = 0;
			sourceTree = "<absolute>";
		};
		8F9BF72905A9BFDD008435CB = {
			fileRef = 8F9BF72805A9BFDD008435CB;
			isa = PBXBuildFile;
			settings = {
			};
		};
		8FB597AF05A8C5CB00E06CEA = {
			fileEncoding = 30;
			isa = PBXFileReference;
			lastKnownFileType = sourcecode.c.c;
			name = minara_window.c;
			path = ../src/minara_window.c;
			refType = 2;
			sourceTree = SOURCE_ROOT;
		};
		8FB597B005A8C5CB00E06CEA = {
			fileEncoding = 30;
			isa = PBXFileReference;
			lastKnownFileType = sourcecode.c.h;
			name = minara_rendering.h;
			path = ../src/minara_rendering.h;
			refType = 2;
			sourceTree = SOURCE_ROOT;
		};
		8FB597B105A8C5CB00E06CEA = {
			fileEncoding = 30;
			isa = PBXFileReference;
			lastKnownFileType = sourcecode.c.c;
			name = minara_rendering.c;
			path = ../src/minara_rendering.c;
			refType = 2;
			sourceTree = SOURCE_ROOT;
		};
		8FB597B205A8C5CB00E06CEA = {
			fileEncoding = 30;
			isa = PBXFileReference;
			lastKnownFileType = sourcecode.c.h;
			name = minara_main.h;
			path = ../src/minara_main.h;
			refType = 2;
			sourceTree = SOURCE_ROOT;
		};
		8FB597B305A8C5CB00E06CEA = {
			fileEncoding = 30;
			isa = PBXFileReference;
			lastKnownFileType = sourcecode.c.c;
			name = minara_main.c;
			path = ../src/minara_main.c;
			refType = 2;
			sourceTree = SOURCE_ROOT;
		};
		8FB597B405A8C5CB00E06CEA = {
			fileEncoding = 30;
			isa = PBXFileReference;
			lastKnownFileType = sourcecode.c.h;
			name = minara_guile.h;
			path = ../src/minara_guile.h;
			refType = 2;
			sourceTree = SOURCE_ROOT;
		};
		8FB597B505A8C5CB00E06CEA = {
			fileEncoding = 30;
			isa = PBXFileReference;
			lastKnownFileType = sourcecode.c.c;
			name = minara_guile.c;
			path = ../src/minara_guile.c;
			refType = 2;
			sourceTree = SOURCE_ROOT;
		};
		8FB597B605A8C5CB00E06CEA = {
			fileEncoding = 30;
			isa = PBXFileReference;
			lastKnownFileType = sourcecode.c.h;
			name = minara_events.h;
			path = ../src/minara_events.h;
			refType = 2;
			sourceTree = SOURCE_ROOT;
		};
		8FB597B705A8C5CB00E06CEA = {
			fileEncoding = 30;
			isa = PBXFileReference;
			lastKnownFileType = sourcecode.c.c;
			name = minara_events.c;
			path = ../src/minara_events.c;
			refType = 2;
			sourceTree = SOURCE_ROOT;
		};
		8FB597B805A8C5CB00E06CEA = {
			fileEncoding = 30;
			isa = PBXFileReference;
			lastKnownFileType = sourcecode.c.h;
			name = minara_error.h;
			path = ../src/minara_error.h;
			refType = 2;
			sourceTree = SOURCE_ROOT;
		};
		8FB597B905A8C5CB00E06CEA = {
			fileEncoding = 30;
			isa = PBXFileReference;
			lastKnownFileType = sourcecode.c.h;
			name = minara_window.h;
			path = ../src/minara_window.h;
			refType = 2;
			sourceTree = SOURCE_ROOT;
		};
		8FB597BA05A8C5CB00E06CEA = {
			fileRef = 8FB597AF05A8C5CB00E06CEA;
			isa = PBXBuildFile;
			settings = {
			};
		};
		8FB597BB05A8C5CB00E06CEA = {
			fileRef = 8FB597B005A8C5CB00E06CEA;
			isa = PBXBuildFile;
			settings = {
			};
		};
		8FB597BC05A8C5CB00E06CEA = {
			fileRef = 8FB597B105A8C5CB00E06CEA;
			isa = PBXBuildFile;
			settings = {
			};
		};
		8FB597BD05A8C5CB00E06CEA = {
			fileRef = 8FB597B205A8C5CB00E06CEA;
			isa = PBXBuildFile;
			settings = {
			};
		};
		8FB597BE05A8C5CB00E06CEA = {
			fileRef = 8FB597B305A8C5CB00E06CEA;
			isa = PBXBuildFile;
			settings = {
			};
		};
		8FB597BF05A8C5CB00E06CEA = {
			fileRef = 8FB597B405A8C5CB00E06CEA;
			isa = PBXBuildFile;
			settings = {
			};
		};
		8FB597C005A8C5CB00E06CEA = {
			fileRef = 8FB597B505A8C5CB00E06CEA;
			isa = PBXBuildFile;
			settings = {
			};
		};
		8FB597C105A8C5CB00E06CEA = {
			fileRef = 8FB597B605A8C5CB00E06CEA;
			isa = PBXBuildFile;
			settings = {
			};
		};
		8FB597C205A8C5CB00E06CEA = {
			fileRef = 8FB597B705A8C5CB00E06CEA;
			isa = PBXBuildFile;
			settings = {
			};
		};
		8FB597C305A8C5CB00E06CEA = {
			fileRef = 8FB597B805A8C5CB00E06CEA;
			isa = PBXBuildFile;
			settings = {
			};
		};
		8FB597C405A8C5CB00E06CEA = {
			fileRef = 8FB597B905A8C5CB00E06CEA;
			isa = PBXBuildFile;
			settings = {
			};
		};
		8FB6742A05C983C300A308F9 = {
			fileEncoding = 30;
			isa = PBXFileReference;
			lastKnownFileType = sourcecode.c.c;
			name = minara_cache.c;
			path = ../src/minara_cache.c;
			refType = 2;
			sourceTree = SOURCE_ROOT;
		};
		8FB6742B05C983C300A308F9 = {
			fileEncoding = 30;
			isa = PBXFileReference;
			lastKnownFileType = sourcecode.c.h;
			name = minara_cache.h;
			path = ../src/minara_cache.h;
			refType = 2;
			sourceTree = SOURCE_ROOT;
		};
		8FB6742C05C983C300A308F9 = {
			fileRef = 8FB6742A05C983C300A308F9;
			isa = PBXBuildFile;
			settings = {
			};
		};
		8FB6742D05C983C300A308F9 = {
			fileRef = 8FB6742B05C983C300A308F9;
			isa = PBXBuildFile;
			settings = {
			};
		};
	};
	rootObject = 29B97313FDCFA39411CA2CEA;
}
